Microsoft Visual Studio Solution File, Format Version 11.00
# Visual Studio 2008

Project("{D2441428-2EA1-9FEA-9F65-703C7366D968}") = "myFps", "Assembly-CSharp-firstpass.csproj", "{E4809A4B-03BF-98CA-01B2-74D490344BF0}"
EndProject
Project("{D2441428-2EA1-9FEA-9F65-703C7366D968}") = "myFps", "Assembly-CSharp.csproj", "{A4610027-144C-69E3-7514-AAAFF5996284}"
EndProject
Project("{D2441428-2EA1-9FEA-9F65-703C7366D968}") = "myFps", "Assembly-CSharp-Editor.csproj", "{C1B6DB74-2653-D663-61A6-93ACC33B1D0E}"
EndProject
Project("{D2441428-2EA1-9FEA-9F65-703C7366D968}") = "myFps", "Assembly-UnityScript-firstpass.unityproj", "{65FDBBFF-4B85-95EF-9F9E-A65E117B5BF4}"
EndProject
Global
	GlobalSection(SolutionConfigurationPlatforms) = preSolution
		Debug|Any CPU = Debug|Any CPU
		Release|Any CPU = Release|Any CPU
	EndGlobalSection
	GlobalSection(ProjectConfigurationPlatforms) = postSolution
		{E4809A4B-03BF-98CA-01B2-74D490344BF0}.Debug|Any CPU.ActiveCfg = Debug|Any CPU
		{E4809A4B-03BF-98CA-01B2-74D490344BF0}.Debug|Any CPU.Build.0 = Debug|Any CPU
		{E4809A4B-03BF-98CA-01B2-74D490344BF0}.Release|Any CPU.ActiveCfg = Release|Any CPU
		{E4809A4B-03BF-98CA-01B2-74D490344BF0}.Release|Any CPU.Build.0 = Release|Any CPU
		{A4610027-144C-69E3-7514-AAAFF5996284}.Debug|Any CPU.ActiveCfg = Debug|Any CPU
		{A4610027-144C-69E3-7514-AAAFF5996284}.Debug|Any CPU.Build.0 = Debug|Any CPU
		{A4610027-144C-69E3-7514-AAAFF5996284}.Release|Any CPU.ActiveCfg = Release|Any CPU
		{A4610027-144C-69E3-7514-AAAFF5996284}.Release|Any CPU.Build.0 = Release|Any CPU
		{C1B6DB74-2653-D663-61A6-93ACC33B1D0E}.Debug|Any CPU.ActiveCfg = Debug|Any CPU
		{C1B6DB74-2653-D663-61A6-93ACC33B1D0E}.Debug|Any CPU.Build.0 = Debug|Any CPU
		{C1B6DB74-2653-D663-61A6-93ACC33B1D0E}.Release|Any CPU.ActiveCfg = Release|Any CPU
		{C1B6DB74-2653-D663-61A6-93ACC33B1D0E}.Release|Any CPU.Build.0 = Release|Any CPU
		{65FDBBFF-4B85-95EF-9F9E-A65E117B5BF4}.Debug|Any CPU.ActiveCfg = Debug|Any CPU
		{65FDBBFF-4B85-95EF-9F9E-A65E117B5BF4}.Debug|Any CPU.Build.0 = Debug|Any CPU
		{65FDBBFF-4B85-95EF-9F9E-A65E117B5BF4}.Release|Any CPU.ActiveCfg = Release|Any CPU
		{65FDBBFF-4B85-95EF-9F9E-A65E117B5BF4}.Release|Any CPU.Build.0 = Release|Any CPU
	EndGlobalSection
	GlobalSection(SolutionProperties) = preSolution
		HideSolutionNode = FALSE
	EndGlobalSection
																																																																		GlobalSection(MonoDevelopProperties) = preSolution
		StartupItem = Assembly-CSharp.csproj
		Policies = $0
		$0.TextStylePolicy = $1
		$1.inheritsSet = null
		$1.scope = text/x-csharp
		$0.CSharpFormattingPolicy = $2
		$2.inheritsSet = Mono
		$2.inheritsScope = text/x-csharp
		$2.scope = text/x-csharp
		$0.TextStylePolicy = $3
		$3.FileWidth = 120
		$3.TabWidth = 4
		$3.EolMarker = Unix
		$3.inheritsSet = Mono
		$3.inheritsScope = text/plain
		$3.scope = text/plain
	EndGlobalSection

EndGlobal
